
Microsoft Visual Studio Solution File, Format Version 12.00
# Visual Studio Version 16
VisualStudioVersion = 16.0.32002.261
MinimumVisualStudioVersion = 10.0.40219.1
Project("{8BC9CEB8-8B4A-11D0-8D11-00A0C91BC942}") = "Scene_Generator", "Scene_Generator\Scene_Generator.vcxproj", "{3AC8F63C-2138-447C-A9B4-74085D89EE13}"
EndProject
Global
	GlobalSection(SolutionConfigurationPlatforms) = preSolution
		Debug|x64 = Debug|x64
		Debug|x86 = Debug|x86
		Release|x64 = Release|x64
		Release|x86 = Release|x86
	EndGlobalSection
	GlobalSection(ProjectConfigurationPlatforms) = postSolution
		{3AC8F63C-2138-447C-A9B4-74085D89EE13}.Debug|x64.ActiveCfg = Release|x64
		{3AC8F63C-2138-447C-A9B4-74085D89EE13}.Debug|x64.Build.0 = Release|x64
		{3AC8F63C-2138-447C-A9B4-74085D89EE13}.Debug|x86.ActiveCfg = Debug|x64
		{3AC8F63C-2138-447C-A9B4-74085D89EE13}.Debug|x86.Build.0 = Debug|x64
		{3AC8F63C-2138-447C-A9B4-74085D89EE13}.Release|x64.ActiveCfg = Release|x64
		{3AC8F63C-2138-447C-A9B4-74085D89EE13}.Release|x64.Build.0 = Release|x64
		{3AC8F63C-2138-447C-A9B4-74085D89EE13}.Release|x86.ActiveCfg = Release|Win32
		{3AC8F63C-2138-447C-A9B4-74085D89EE13}.Release|x86.Build.0 = Release|Win32
	EndGlobalSection
	GlobalSection(SolutionProperties) = preSolution
		HideSolutionNode = FALSE
	EndGlobalSection
	GlobalSection(ExtensibilityGlobals) = postSolution
		SolutionGuid = {9AE539EE-8404-4385-A440-36A05C4E0DED}
	EndGlobalSection
EndGlobal
